
Microsoft Visual Studio Solution File, Format Version 11.00
# Visual Studio 2010
Project("{FAE04EC0-301F-11D3-BF4B-00C04F79EFBC}") = "pictorem", "Assembly-CSharp.csproj", "{46018CF1-5B8D-CC3D-B193-910B17206359}"
EndProject
Project("{FAE04EC0-301F-11D3-BF4B-00C04F79EFBC}") = "pictorem", "Assembly-CSharp-Editor.csproj", "{B5A9EDEC-0854-6C4E-8D83-CCDBE00871BC}"
EndProject
Global
	GlobalSection(SolutionConfigurationPlatforms) = preSolution
		Debug|Any CPU = Debug|Any CPU
		Release|Any CPU = Release|Any CPU
	EndGlobalSection
	GlobalSection(ProjectConfigurationPlatforms) = postSolution
		{46018CF1-5B8D-CC3D-B193-910B17206359}.Debug|Any CPU.ActiveCfg = Debug|Any CPU
		{46018CF1-5B8D-CC3D-B193-910B17206359}.Debug|Any CPU.Build.0 = Debug|Any CPU
		{46018CF1-5B8D-CC3D-B193-910B17206359}.Release|Any CPU.ActiveCfg = Release|Any CPU
		{46018CF1-5B8D-CC3D-B193-910B17206359}.Release|Any CPU.Build.0 = Release|Any CPU
		{B5A9EDEC-0854-6C4E-8D83-CCDBE00871BC}.Debug|Any CPU.ActiveCfg = Debug|Any CPU
		{B5A9EDEC-0854-6C4E-8D83-CCDBE00871BC}.Debug|Any CPU.Build.0 = Debug|Any CPU
		{B5A9EDEC-0854-6C4E-8D83-CCDBE00871BC}.Release|Any CPU.ActiveCfg = Release|Any CPU
		{B5A9EDEC-0854-6C4E-8D83-CCDBE00871BC}.Release|Any CPU.Build.0 = Release|Any CPU
	EndGlobalSection
	GlobalSection(SolutionProperties) = preSolution
		HideSolutionNode = FALSE
	EndGlobalSection
	GlobalSection(MonoDevelopProperties) = preSolution
		StartupItem = Assembly-CSharp.csproj
	EndGlobalSection
EndGlobal
